<?xml version="1.0" encoding="UTF-8"?>
<Scheme
   version = "1.3">
   <BuildAction>
      <BuildActionEntries>
         <BuildActionEntry
            buildForRunning = "YES">
            <BuildableReference
               BuildableIdentifier = "primary"
               BlueprintIdentifier = "BA20AAF2277F2AB900D417B3"
               BuildableName = "RickAndMorty test job.app"
               BlueprintName = "RickAndMorty test job"
               ReferencedContainer = "container:RickAndMorty test job.xcodeproj">
            </BuildableReference>
         </BuildActionEntry>
      </BuildActionEntries>
   </BuildAction>
   <LaunchAction
      useCustomWorkingDirectory = "NO"
      buildConfiguration = "Debug"
      allowLocationSimulation = "YES">
      <BuildableProductRunnable>
         <BuildableReference
            BuildableIdentifier = "primary"
            BlueprintIdentifier = "BA20AAF2277F2AB900D417B3"
            BuildableName = "RickAndMorty test job.app"
            BlueprintName = "RickAndMorty test job"
            ReferencedContainer = "container:RickAndMorty test job.xcodeproj">
         </BuildableReference>
      </BuildableProductRunnable>
   </LaunchAction>
</Scheme>
